{
  "version": 4,
  "terraform_version": "1.9.2",
  "serial": 12,
  "lineage": "90c1a355-f94f-cbf7-c6d0-ffab10ac6261",
  "outputs": {},
  "resources": [
    {
      "mode": "managed",
      "type": "libvirt_cloudinit_disk",
      "name": "cloudinit-client",
      "provider": "provider[\"registry.terraform.io/dmacvicar/libvirt\"]",
      "instances": [
        {
          "schema_version": 0,
          "attributes": {
            "id": "/var/lib/libvirt/images/ebpf24/cloudinit_client.iso;52c88263-1462-4025-802a-8fd08e471045",
            "meta_data": "",
            "name": "cloudinit_client.iso",
            "network_config": "",
            "pool": "my storage pool",
            "user_data": "#cloud-config\nfqdn: client.xdp_kernel.local\nmanage_etc_hosts: true\npackage_update: true\npackage_upgrade: true\nssh_pwauth: 1\ntimezone: 'America/New_York'\nusers:\n  - name: user1\n    passwd: $y$j9T$B./uCI0iCE/qwni2D2ph0.$FM0HevqIgg6P.Daq48tO3MWgsvKZAQxkO3Dd5dPc7k7\n    home: /home/user1\n    shell: /bin/bash\n    sudo: ALL=(ALL) NOPASSWD:ALL\n    lock_passwd: false\n    chpasswd: { expire: False }\n    groups: sudo, users, admin\n"
          },
          "sensitive_attributes": [],
          "private": "bnVsbA==",
          "dependencies": [
            "libvirt_pool.storage_pool"
          ]
        }
      ]
    },
    {
      "mode": "managed",
      "type": "libvirt_cloudinit_disk",
      "name": "cloudinit-vanilla_kernel",
      "provider": "provider[\"registry.terraform.io/dmacvicar/libvirt\"]",
      "instances": [
        {
          "schema_version": 0,
          "attributes": {
            "id": "/var/lib/libvirt/images/ebpf24/cloudinit_vanilla_kernel.iso;fee32327-08f8-4183-b788-8eb88393ada3",
            "meta_data": "",
            "name": "cloudinit_vanilla_kernel.iso",
            "network_config": "",
            "pool": "my storage pool",
            "user_data": "#cloud-config\nfqdn: vanilla_kernel.xdp_kernel.local\nmanage_etc_hosts: true\npackage_update: true\npackage_upgrade: true\nssh_pwauth: 1\ntimezone: 'America/New_York'\nusers:\n  - name: user1\n    passwd: $y$j9T$B./uCI0iCE/qwni2D2ph0.$FM0HevqIgg6P.Daq48tO3MWgsvKZAQxkO3Dd5dPc7k7\n    home: /home/user1\n    shell: /bin/bash\n    sudo: ALL=(ALL) NOPASSWD:ALL\n    lock_passwd: false\n    chpasswd: { expire: False }\n    groups: sudo, users, admin\n"
          },
          "sensitive_attributes": [],
          "private": "bnVsbA==",
          "dependencies": [
            "libvirt_pool.storage_pool"
          ]
        }
      ]
    },
    {
      "mode": "managed",
      "type": "libvirt_cloudinit_disk",
      "name": "cloudinit-xdp_kernel",
      "provider": "provider[\"registry.terraform.io/dmacvicar/libvirt\"]",
      "instances": [
        {
          "schema_version": 0,
          "attributes": {
            "id": "/var/lib/libvirt/images/ebpf24/cloudinit_xdp_kernel.iso;a0c1e805-90d0-4b47-8384-50f72daa83f8",
            "meta_data": "",
            "name": "cloudinit_xdp_kernel.iso",
            "network_config": "",
            "pool": "my storage pool",
            "user_data": "#cloud-config\nfqdn: xdp_kernel.xdp_kernel.local\nmanage_etc_hosts: true\npackage_update: true\npackage_upgrade: true\nssh_pwauth: 1\ntimezone: 'America/New_York'\nusers:\n  - name: user1\n    passwd: $y$j9T$B./uCI0iCE/qwni2D2ph0.$FM0HevqIgg6P.Daq48tO3MWgsvKZAQxkO3Dd5dPc7k7\n    home: /home/user1\n    shell: /bin/bash\n    sudo: ALL=(ALL) NOPASSWD:ALL\n    lock_passwd: false\n    chpasswd: { expire: False }\n    groups: sudo, users, admin\n"
          },
          "sensitive_attributes": [],
          "private": "bnVsbA==",
          "dependencies": [
            "libvirt_pool.storage_pool"
          ]
        }
      ]
    },
    {
      "mode": "managed",
      "type": "libvirt_network",
      "name": "net",
      "provider": "provider[\"registry.terraform.io/dmacvicar/libvirt\"]",
      "instances": [
        {
          "schema_version": 0,
          "attributes": {
            "addresses": [
              "192.168.64.0/24"
            ],
            "autostart": false,
            "bridge": "virbr1",
            "dhcp": [
              {
                "enabled": false
              }
            ],
            "dns": [
              {
                "enabled": true,
                "forwarders": [],
                "hosts": [],
                "local_only": false,
                "srvs": []
              }
            ],
            "dnsmasq_options": [],
            "domain": "xdp_kernel.local",
            "id": "c59421fc-7b82-43cd-a505-80ee4734a76e",
            "mode": "nat",
            "mtu": null,
            "name": "net",
            "routes": [],
            "xml": []
          },
          "sensitive_attributes": [],
          "private": "bnVsbA=="
        }
      ]
    },
    {
      "mode": "managed",
      "type": "libvirt_pool",
      "name": "storage_pool",
      "provider": "provider[\"registry.terraform.io/dmacvicar/libvirt\"]",
      "instances": [
        {
          "schema_version": 0,
          "attributes": {
            "allocation": 997489258496,
            "available": 956578340864,
            "capacity": 1954067599360,
            "id": "c474237c-e5a7-4ed1-81db-845a381aaef9",
            "name": "my storage pool",
            "path": "/var/lib/libvirt/images/ebpf24",
            "type": "dir",
            "xml": []
          },
          "sensitive_attributes": [],
          "private": "bnVsbA=="
        }
      ]
    },
    {
      "mode": "managed",
      "type": "libvirt_volume",
      "name": "qcow2-client",
      "provider": "provider[\"registry.terraform.io/dmacvicar/libvirt\"]",
      "instances": [
        {
          "schema_version": 0,
          "attributes": {
            "base_volume_id": null,
            "base_volume_name": null,
            "base_volume_pool": null,
            "format": "qcow2",
            "id": "/var/lib/libvirt/images/ebpf24/client_root.img",
            "name": "client_root.img",
            "pool": "my storage pool",
            "size": 3758096384,
            "source": "images/client_root.img",
            "xml": []
          },
          "sensitive_attributes": [],
          "private": "bnVsbA==",
          "dependencies": [
            "libvirt_pool.storage_pool"
          ]
        }
      ]
    },
    {
      "mode": "managed",
      "type": "libvirt_volume",
      "name": "qcow2-vanilla_kernel",
      "provider": "provider[\"registry.terraform.io/dmacvicar/libvirt\"]",
      "instances": [
        {
          "schema_version": 0,
          "attributes": {
            "base_volume_id": null,
            "base_volume_name": null,
            "base_volume_pool": null,
            "format": "qcow2",
            "id": "/var/lib/libvirt/images/ebpf24/vanilla_kernel_root.img",
            "name": "vanilla_kernel_root.img",
            "pool": "my storage pool",
            "size": 3758096384,
            "source": "images/vanilla_kernel_root.img",
            "xml": []
          },
          "sensitive_attributes": [],
          "private": "bnVsbA==",
          "dependencies": [
            "libvirt_pool.storage_pool"
          ]
        }
      ]
    },
    {
      "mode": "managed",
      "type": "libvirt_volume",
      "name": "ubuntu_24_base",
      "provider": "provider[\"registry.terraform.io/dmacvicar/libvirt\"]",
      "instances": [
        {
          "schema_version": 0,
          "attributes": {
            "base_volume_id": null,
            "base_volume_name": null,
            "base_volume_pool": null,
            "format": "qcow2",
            "id": "/var/lib/libvirt/images/ebpf24/ubuntu_24.04",
            "name": "ubuntu_24.04",
            "pool": "my storage pool",
            "size": 3758096384,
            "source": "https://cloud-images.ubuntu.com/releases/24.04/release-20240423/ubuntu-24.04-server-cloudimg-amd64.img",
            "xml": []
          },
          "sensitive_attributes": [],
          "private": "bnVsbA==",
          "dependencies": [
            "libvirt_pool.storage_pool"
          ]
        }
      ]
    }
  ],
  "check_results": null
}
